
Microsoft Visual Studio Solution File, Format Version 12.00
# Visual Studio Version 17
VisualStudioVersion = 17.9.34607.119
MinimumVisualStudioVersion = 10.0.40219.1
Project("{9A19103F-16F7-4668-BE54-9A1E7A4F7556}") = "Ghibli Studio Gallery", "GhibliStudioGallery\GhibliStudioGallery.csproj", "{123C79EB-8EDB-42AC-A750-536084198C3F}"
EndProject
Project("{9A19103F-16F7-4668-BE54-9A1E7A4F7556}") = "GhibliStudioGallery.Desktop", "GhibliStudioGallery.Desktop\GhibliStudioGallery.Desktop.csproj", "{EFD458C9-199A-4CC1-A020-0ABEE44D1928}"
EndProject
Global
	GlobalSection(SolutionConfigurationPlatforms) = preSolution
		Debug|Any CPU = Debug|Any CPU
		Release|Any CPU = Release|Any CPU
	EndGlobalSection
	GlobalSection(ProjectConfigurationPlatforms) = postSolution
		{123C79EB-8EDB-42AC-A750-536084198C3F}.Debug|Any CPU.ActiveCfg = Debug|Any CPU
		{123C79EB-8EDB-42AC-A750-536084198C3F}.Debug|Any CPU.Build.0 = Debug|Any CPU
		{123C79EB-8EDB-42AC-A750-536084198C3F}.Release|Any CPU.ActiveCfg = Release|Any CPU
		{123C79EB-8EDB-42AC-A750-536084198C3F}.Release|Any CPU.Build.0 = Release|Any CPU
		{EFD458C9-199A-4CC1-A020-0ABEE44D1928}.Debug|Any CPU.ActiveCfg = Debug|Any CPU
		{EFD458C9-199A-4CC1-A020-0ABEE44D1928}.Debug|Any CPU.Build.0 = Debug|Any CPU
		{EFD458C9-199A-4CC1-A020-0ABEE44D1928}.Release|Any CPU.ActiveCfg = Release|Any CPU
		{EFD458C9-199A-4CC1-A020-0ABEE44D1928}.Release|Any CPU.Build.0 = Release|Any CPU
	EndGlobalSection
	GlobalSection(SolutionProperties) = preSolution
		HideSolutionNode = FALSE
	EndGlobalSection
	GlobalSection(ExtensibilityGlobals) = postSolution
		SolutionGuid = {69BB4152-C648-4F40-B8DB-C81A07BD74E2}
	EndGlobalSection
EndGlobal
